// !$*UTF8*$!
{
	archiveVersion = 1;
	classes = {
	};
	objectVersion = 55;
	objects = {

/* Begin PBXBuildFile section */
		81463D6528741052005339E7 /* MainViewController.swift in Sources */ = {isa = PBXBuildFile; fileRef = 81463D6428741052005339E7 /* MainViewController.swift */; };
		81463D6728741889005339E7 /* SecondViewController.swift in Sources */ = {isa = PBXBuildFile; fileRef = 81463D6628741889005339E7 /* SecondViewController.swift */; };
		81C6A5B22872A23100BF0385 /* AppDelegate.swift in Sources */ = {isa = PBXBuildFile; fileRef = 81C6A5B12872A23100BF0385 /* AppDelegate.swift */; };
		81C6A5B42872A23100BF0385 /* SceneDelegate.swift in Sources */ = {isa = PBXBuildFile; fileRef = 81C6A5B32872A23100BF0385 /* SceneDelegate.swift */; };
		81C6A5B62872A23100BF0385 /* ViewController.swift in Sources */ = {isa = PBXBuildFile; fileRef = 81C6A5B52872A23100BF0385 /* ViewController.swift */; };
		81C6A5B92872A23100BF0385 /* Main.storyboard in Resources */ = {isa = PBXBuildFile; fileRef = 81C6A5B72872A23100BF0385 /* Main.storyboard */; };
		81C6A5BB2872A23200BF0385 /* Assets.xcassets in Resources */ = {isa = PBXBuildFile; fileRef = 81C6A5BA2872A23200BF0385 /* Assets.xcassets */; };
		81C6A5BE2872A23200BF0385 /* LaunchScreen.storyboard in Resources */ = {isa = PBXBuildFile; fileRef = 81C6A5BC2872A23200BF0385 /* LaunchScreen.storyboard */; };
		81EFDC7328754F5F0004DEDB /* SignUpViewController.swift in Sources */ = {isa = PBXBuildFile; fileRef = 81EFDC7228754F5F0004DEDB /* SignUpViewController.swift */; };
/* End PBXBuildFile section */

/* Begin PBXFileReference section */
		81463D6428741052005339E7 /* MainViewController.swift */ = {isa = PBXFileReference; lastKnownFileType = sourcecode.swift; path = MainViewController.swift; sourceTree = "<group>"; };
		81463D6628741889005339E7 /* SecondViewController.swift */ = {isa = PBXFileReference; lastKnownFileType = sourcecode.swift; path = SecondViewController.swift; sourceTree = "<group>"; };
		81C6A5AE2872A23100BF0385 /* moviePra.app */ = {isa = PBXFileReference; explicitFileType = wrapper.application; includeInIndex = 0; path = moviePra.app; sourceTree = BUILT_PRODUCTS_DIR; };
		81C6A5B12872A23100BF0385 /* AppDelegate.swift */ = {isa = PBXFileReference; lastKnownFileType = sourcecode.swift; path = AppDelegate.swift; sourceTree = "<group>"; };
		81C6A5B32872A23100BF0385 /* SceneDelegate.swift */ = {isa = PBXFileReference; lastKnownFileType = sourcecode.swift; path = SceneDelegate.swift; sourceTree = "<group>"; };
		81C6A5B52872A23100BF0385 /* ViewController.swift */ = {isa = PBXFileReference; lastKnownFileType = sourcecode.swift; path = ViewController.swift; sourceTree = "<group>"; };
		81C6A5B82872A23100BF0385 /* Base */ = {isa = PBXFileReference; lastKnownFileType = file.storyboard; name = Base; path = Base.lproj/Main.storyboard; sourceTree = "<group>"; };
		81C6A5BA2872A23200BF0385 /* Assets.xcassets */ = {isa = PBXFileReference; lastKnownFileType = folder.assetcatalog; path = Assets.xcassets; sourceTree = "<group>"; };
		81C6A5BD2872A23200BF0385 /* Base */ = {isa = PBXFileReference; lastKnownFileType = file.storyboard; name = Base; path = Base.lproj/LaunchScreen.storyboard; sourceTree = "<group>"; };
		81C6A5BF2872A23200BF0385 /* Info.plist */ = {isa = PBXFileReference; lastKnownFileType = text.plist.xml; path = Info.plist; sourceTree = "<group>"; };
		81EFDC7228754F5F0004DEDB /* SignUpViewController.swift */ = {isa = PBXFileReference; lastKnownFileType = sourcecode.swift; path = SignUpViewController.swift; sourceTree = "<group>"; };
/* End PBXFileReference section */

/* Begin PBXFrameworksBuildPhase section */
		81C6A5AB2872A23100BF0385 /* Frameworks */ = {
			isa = PBXFrameworksBuildPhase;
			buildActionMask = 2147483647;
			files = (
			);
			runOnlyForDeploymentPostprocessing = 0;
		};
/* End PBXFrameworksBuildPhase section */

/* Begin PBXGroup section */
		81C6A5A52872A23100BF0385 = {
			isa = PBXGroup;
			children = (
				81C6A5B02872A23100BF0385 /* moviePra */,
				81C6A5AF2872A23100BF0385 /* Products */,
			);
			sourceTree = "<group>";
		};
		81C6A5AF2872A23100BF0385 /* Products */ = {
			isa = PBXGroup;
			children = (
				81C6A5AE2872A23100BF0385 /* moviePra.app */,
			);
			name = Products;
			sourceTree = "<group>";
		};
		81C6A5B02872A23100BF0385 /* moviePra */ = {
			isa = PBXGroup;
			children = (
				81C6A5B12872A23100BF0385 /* AppDelegate.swift */,
				81C6A5B32872A23100BF0385 /* SceneDelegate.swift */,
				81C6A5B52872A23100BF0385 /* ViewController.swift */,
				81C6A5B72872A23100BF0385 /* Main.storyboard */,
				81EFDC7228754F5F0004DEDB /* SignUpViewController.swift */,
				81463D6628741889005339E7 /* SecondViewController.swift */,
				81463D6428741052005339E7 /* MainViewController.swift */,
				81C6A5BA2872A23200BF0385 /* Assets.xcassets */,
				81C6A5BC2872A23200BF0385 /* LaunchScreen.storyboard */,
				81C6A5BF2872A23200BF0385 /* Info.plist */,
			);
			path = moviePra;
			sourceTree = "<group>";
		};
/* End PBXGroup section */

/* Begin PBXNativeTarget section */
		81C6A5AD2872A23100BF0385 /* moviePra */ = {
			isa = PBXNativeTarget;
			buildConfigurationList = 81C6A5C22872A23200BF0385 /* Build configuration list for PBXNativeTarget "moviePra" */;
			buildPhases = (
				81C6A5AA2872A23100BF0385 /* Sources */,
				81C6A5AB2872A23100BF0385 /* Frameworks */,
				81C6A5AC2872A23100BF0385 /* Resources */,
			);
			buildRules = (
			);
			dependencies = (
			);
			name = moviePra;
			productName = moviePra;
			productReference = 81C6A5AE2872A23100BF0385 /* moviePra.app */;
			productType = "com.apple.product-type.application";
		};
/* End PBXNativeTarget section */

/* Begin PBXProject section */
		81C6A5A62872A23100BF0385 /* Project object */ = {
			isa = PBXProject;
			attributes = {
				BuildIndependentTargetsInParallel = 1;
				LastSwiftUpdateCheck = 1340;
				LastUpgradeCheck = 1340;
				TargetAttributes = {
					81C6A5AD2872A23100BF0385 = {
						CreatedOnToolsVersion = 13.4.1;
					};
				};
			};
			buildConfigurationList = 81C6A5A92872A23100BF0385 /* Build configuration list for PBXProject "moviePra" */;
			compatibilityVersion = "Xcode 13.0";
			developmentRegion = en;
			hasScannedForEncodings = 0;
			knownRegions = (
				en,
				Base,
			);
			mainGroup = 81C6A5A52872A23100BF0385;
			productRefGroup = 81C6A5AF2872A23100BF0385 /* Products */;
			projectDirPath = "";
			projectRoot = "";
			targets = (
				81C6A5AD2872A23100BF0385 /* moviePra */,
			);
		};
/* End PBXProject section */

/* Begin PBXResourcesBuildPhase section */
		81C6A5AC2872A23100BF0385 /* Resources */ = {
			isa = PBXResourcesBuildPhase;
			buildActionMask = 2147483647;
			files = (
				81C6A5BE2872A23200BF0385 /* LaunchScreen.storyboard in Resources */,
				81C6A5BB2872A23200BF0385 /* Assets.xcassets in Resources */,
				81C6A5B92872A23100BF0385 /* Main.storyboard in Resources */,
			);
			runOnlyForDeploymentPostprocessing = 0;
		};
/* End PBXResourcesBuildPhase section */

/* Begin PBXSourcesBuildPhase section */
		81C6A5AA2872A23100BF0385 /* Sources */ = {
			isa = PBXSourcesBuildPhase;
			buildActionMask = 2147483647;
			files = (
				81EFDC7328754F5F0004DEDB /* SignUpViewController.swift in Sources */,
				81C6A5B62872A23100BF0385 /* ViewController.swift in Sources */,
				81C6A5B22872A23100BF0385 /* AppDelegate.swift in Sources */,
				81C6A5B42872A23100BF0385 /* SceneDelegate.swift in Sources */,
				81463D6728741889005339E7 /* SecondViewController.swift in Sources */,
				81463D6528741052005339E7 /* MainViewController.swift in Sources */,
			);
			runOnlyForDeploymentPostprocessing = 0;
		};
/* End PBXSourcesBuildPhase section */

/* Begin PBXVariantGroup section */
		81C6A5B72872A23100BF0385 /* Main.storyboard */ = {
			isa = PBXVariantGroup;
			children = (
				81C6A5B82872A23100BF0385 /* Base */,
			);
			name = Main.storyboard;
			sourceTree = "<group>";
		};
		81C6A5BC2872A23200BF0385 /* LaunchScreen.storyboard */ = {
			isa = PBXVariantGroup;
			children = (
				81C6A5BD2872A23200BF0385 /* Base */,
			);
			name = LaunchScreen.storyboard;
			sourceTree = "<group>";
		};
/* End PBXVariantGroup section */

/* Begin XCBuildConfiguration section */
		81C6A5C02872A23200BF0385 /* Debug */ = {
			isa = XCBuildConfiguration;
			buildSettings = {
				ALWAYS_SEARCH_USER_PATHS = NO;
				CLANG_ANALYZER_NONNULL = YES;
				CLANG_ANALYZER_NUMBER_OBJECT_CONVERSION = YES_AGGRESSIVE;
				CLANG_CXX_LANGUAGE_STANDARD = "gnu++17";
				CLANG_ENABLE_MODULES = YES;
				CLANG_ENABLE_OBJC_ARC = YES;
				CLANG_ENABLE_OBJC_WEAK = YES;
				CLANG_WARN_BLOCK_CAPTURE_AUTORELEASING = YES;
				CLANG_WARN_BOOL_CONVERSION = YES;
				CLANG_WARN_COMMA = YES;
				CLANG_WARN_CONSTANT_CONVERSION = YES;
				CLANG_WARN_DEPRECATED_OBJC_IMPLEMENTATIONS = YES;
				CLANG_WARN_DIRECT_OBJC_ISA_USAGE = YES_ERROR;
				CLANG_WARN_DOCUMENTATION_COMMENTS = YES;
				CLANG_WARN_EMPTY_BODY = YES;
				CLANG_WARN_ENUM_CONVERSION = YES;
				CLANG_WARN_INFINITE_RECURSION = YES;
				CLANG_WARN_INT_CONVERSION = YES;
				CLANG_WARN_NON_LITERAL_NULL_CONVERSION = YES;
				CLANG_WARN_OBJC_IMPLICIT_RETAIN_SELF = YES;
				CLANG_WARN_OBJC_LITERAL_CONVERSION = YES;
				CLANG_WARN_OBJC_ROOT_CLASS = YES_ERROR;
				CLANG_WARN_QUOTED_INCLUDE_IN_FRAMEWORK_HEADER = YES;
				CLANG_WARN_RANGE_LOOP_ANALYSIS = YES;
				CLANG_WARN_STRICT_PROTOTYPES = YES;
				CLANG_WARN_SUSPICIOUS_MOVE = YES;
				CLANG_WARN_UNGUARDED_AVAILABILITY = YES_AGGRESSIVE;
				CLANG_WARN_UNREACHABLE_CODE = YES;
				CLANG_WARN__DUPLICATE_METHOD_MATCH = YES;
				COPY_PHASE_STRIP = NO;
				DEBUG_INFORMATION_FORMAT = dwarf;
				ENABLE_STRICT_OBJC_MSGSEND = YES;
				ENABLE_TESTABILITY = YES;
				GCC_C_LANGUAGE_STANDARD = gnu11;
				GCC_DYNAMIC_NO_PIC = NO;
				GCC_NO_COMMON_BLOCKS = YES;
				GCC_OPTIMIZATION_LEVEL = 0;
				GCC_PREPROCESSOR_DEFINITIONS = (
					"DEBUG=1",
					"$(inherited)",
				);
				GCC_WARN_64_TO_32_BIT_CONVERSION = YES;
				GCC_WARN_ABOUT_RETURN_TYPE = YES_ERROR;
				GCC_WARN_UNDECLARED_SELECTOR = YES;
				GCC_WARN_UNINITIALIZED_AUTOS = YES_AGGRESSIVE;
				GCC_WARN_UNUSED_FUNCTION = YES;
				GCC_WARN_UNUSED_VARIABLE = YES;
				IPHONEOS_DEPLOYMENT_TARGET = 15.5;
				MTL_ENABLE_DEBUG_INFO = INCLUDE_SOURCE;
				MTL_FAST_MATH = YES;
				ONLY_ACTIVE_ARCH = YES;
				SDKROOT = iphoneos;
				SWIFT_ACTIVE_COMPILATION_CONDITIONS = DEBUG;
				SWIFT_OPTIMIZATION_LEVEL = "-Onone";
			};
			name = Debug;
		};
		81C6A5C12872A23200BF0385 /* Release */ = {
			isa = XCBuildConfiguration;
			buildSettings = {
				ALWAYS_SEARCH_USER_PATHS = NO;
				CLANG_ANALYZER_NONNULL = YES;
				CLANG_ANALYZER_NUMBER_OBJECT_CONVERSION = YES_AGGRESSIVE;
				CLANG_CXX_LANGUAGE_STANDARD = "gnu++17";
				CLANG_ENABLE_MODULES = YES;
				CLANG_ENABLE_OBJC_ARC = YES;
				CLANG_ENABLE_OBJC_WEAK = YES;
				CLANG_WARN_BLOCK_CAPTURE_AUTORELEASING = YES;
				CLANG_WARN_BOOL_CONVERSION = YES;
				CLANG_WARN_COMMA = YES;
				CLANG_WARN_CONSTANT_CONVERSION = YES;
				CLANG_WARN_DEPRECATED_OBJC_IMPLEMENTATIONS = YES;
				CLANG_WARN_DIRECT_OBJC_ISA_USAGE = YES_ERROR;
				CLANG_WARN_DOCUMENTATION_COMMENTS = YES;
				CLANG_WARN_EMPTY_BODY = YES;
				CLANG_WARN_ENUM_CONVERSION = YES;
				CLANG_WARN_INFINITE_RECURSION = YES;
				CLANG_WARN_INT_CONVERSION = YES;
				CLANG_WARN_NON_LITERAL_NULL_CONVERSION = YES;
				CLANG_WARN_OBJC_IMPLICIT_RETAIN_SELF = YES;
				CLANG_WARN_OBJC_LITERAL_CONVERSION = YES;
				CLANG_WARN_OBJC_ROOT_CLASS = YES_ERROR;
				CLANG_WARN_QUOTED_INCLUDE_IN_FRAMEWORK_HEADER = YES;
				CLANG_WARN_RANGE_LOOP_ANALYSIS = YES;
				CLANG_WARN_STRICT_PROTOTYPES = YES;
				CLANG_WARN_SUSPICIOUS_MOVE = YES;
				CLANG_WARN_UNGUARDED_AVAILABILITY = YES_AGGRESSIVE;
				CLANG_WARN_UNREACHABLE_CODE = YES;
				CLANG_WARN__DUPLICATE_METHOD_MATCH = YES;
				COPY_PHASE_STRIP = NO;
				DEBUG_INFORMATION_FORMAT = "dwarf-with-dsym";
				ENABLE_NS_ASSERTIONS = NO;
				ENABLE_STRICT_OBJC_MSGSEND = YES;
				GCC_C_LANGUAGE_STANDARD = gnu11;
				GCC_NO_COMMON_BLOCKS = YES;
				GCC_WARN_64_TO_32_BIT_CONVERSION = YES;
				GCC_WARN_ABOUT_RETURN_TYPE = YES_ERROR;
				GCC_WARN_UNDECLARED_SELECTOR = YES;
				GCC_WARN_UNINITIALIZED_AUTOS = YES_AGGRESSIVE;
				GCC_WARN_UNUSED_FUNCTION = YES;
				GCC_WARN_UNUSED_VARIABLE = YES;
				IPHONEOS_DEPLOYMENT_TARGET = 15.5;
				MTL_ENABLE_DEBUG_INFO = NO;
				MTL_FAST_MATH = YES;
				SDKROOT = iphoneos;
				SWIFT_COMPILATION_MODE = wholemodule;
				SWIFT_OPTIMIZATION_LEVEL = "-O";
				VALIDATE_PRODUCT = YES;
			};
			name = Release;
		};
		81C6A5C32872A23200BF0385 /* Debug */ = {
			isa = XCBuildConfiguration;
			buildSettings = {
				ASSETCATALOG_COMPILER_APPICON_NAME = AppIcon;
				ASSETCATALOG_COMPILER_GLOBAL_ACCENT_COLOR_NAME = AccentColor;
				CODE_SIGN_STYLE = Automatic;
				CURRENT_PROJECT_VERSION = 1;
				DEVELOPMENT_TEAM = "";
				GENERATE_INFOPLIST_FILE = YES;
				INFOPLIST_FILE = moviePra/Info.plist;
				INFOPLIST_KEY_UIApplicationSupportsIndirectInputEvents = YES;
				INFOPLIST_KEY_UILaunchStoryboardName = LaunchScreen;
				INFOPLIST_KEY_UIMainStoryboardFile = Main;
				INFOPLIST_KEY_UISupportedInterfaceOrientations_iPad = "UIInterfaceOrientationPortrait UIInterfaceOrientationPortraitUpsideDown UIInterfaceOrientationLandscapeLeft UIInterfaceOrientationLandscapeRight";
				INFOPLIST_KEY_UISupportedInterfaceOrientations_iPhone = "UIInterfaceOrientationPortrait UIInterfaceOrientationLandscapeLeft UIInterfaceOrientationLandscapeRight";
				LD_RUNPATH_SEARCH_PATHS = (
					"$(inherited)",
					"@executable_path/Frameworks",
				);
				MARKETING_VERSION = 1.0;
				PRODUCT_BUNDLE_IDENTIFIER = com.daniel.moviePra;
				PRODUCT_NAME = "$(TARGET_NAME)";
				SWIFT_EMIT_LOC_STRINGS = YES;
				SWIFT_VERSION = 5.0;
				TARGETED_DEVICE_FAMILY = 1;
			};
			name = Debug;
		};
		81C6A5C42872A23200BF0385 /* Release */ = {
			isa = XCBuildConfiguration;
			buildSettings = {
				ASSETCATALOG_COMPILER_APPICON_NAME = AppIcon;
				ASSETCATALOG_COMPILER_GLOBAL_ACCENT_COLOR_NAME = AccentColor;
				CODE_SIGN_STYLE = Automatic;
				CURRENT_PROJECT_VERSION = 1;
				DEVELOPMENT_TEAM = "";
				GENERATE_INFOPLIST_FILE = YES;
				INFOPLIST_FILE = moviePra/Info.plist;
				INFOPLIST_KEY_UIApplicationSupportsIndirectInputEvents = YES;
				INFOPLIST_KEY_UILaunchStoryboardName = LaunchScreen;
				INFOPLIST_KEY_UIMainStoryboardFile = Main;
				INFOPLIST_KEY_UISupportedInterfaceOrientations_iPad = "UIInterfaceOrientationPortrait UIInterfaceOrientationPortraitUpsideDown UIInterfaceOrientationLandscapeLeft UIInterfaceOrientationLandscapeRight";
				INFOPLIST_KEY_UISupportedInterfaceOrientations_iPhone = "UIInterfaceOrientationPortrait UIInterfaceOrientationLandscapeLeft UIInterfaceOrientationLandscapeRight";
				LD_RUNPATH_SEARCH_PATHS = (
					"$(inherited)",
					"@executable_path/Frameworks",
				);
				MARKETING_VERSION = 1.0;
				PRODUCT_BUNDLE_IDENTIFIER = com.daniel.moviePra;
				PRODUCT_NAME = "$(TARGET_NAME)";
				SWIFT_EMIT_LOC_STRINGS = YES;
				SWIFT_VERSION = 5.0;
				TARGETED_DEVICE_FAMILY = 1;
			};
			name = Release;
		};
/* End XCBuildConfiguration section */

/* Begin XCConfigurationList section */
		81C6A5A92872A23100BF0385 /* Build configuration list for PBXProject "moviePra" */ = {
			isa = XCConfigurationList;
			buildConfigurations = (
				81C6A5C02872A23200BF0385 /* Debug */,
				81C6A5C12872A23200BF0385 /* Release */,
			);
			defaultConfigurationIsVisible = 0;
			defaultConfigurationName = Release;
		};
		81C6A5C22872A23200BF0385 /* Build configuration list for PBXNativeTarget "moviePra" */ = {
			isa = XCConfigurationList;
			buildConfigurations = (
				81C6A5C32872A23200BF0385 /* Debug */,
				81C6A5C42872A23200BF0385 /* Release */,
			);
			defaultConfigurationIsVisible = 0;
			defaultConfigurationName = Release;
		};
/* End XCConfigurationList section */
	};
	rootObject = 81C6A5A62872A23100BF0385 /* Project object */;
}
